
Microsoft Visual Studio Solution File, Format Version 12.00
# Visual Studio 15
VisualStudioVersion = 15.0.28307.645
MinimumVisualStudioVersion = 10.0.40219.1
Project("{FAE04EC0-301F-11D3-BF4B-00C04F79EFBC}") = "Algarañaz", "Algarañaz\Algarañaz.csproj", "{717F7240-8EAA-43FA-A6AD-8FA4851D5304}"
EndProject
Project("{FAE04EC0-301F-11D3-BF4B-00C04F79EFBC}") = "TestUnitarioDebit", "TestUnitarioDebit\TestUnitarioDebit.csproj", "{E99F4E5B-91E6-428B-9910-565A57E8CF00}"
EndProject
Global
	GlobalSection(SolutionConfigurationPlatforms) = preSolution
		Debug|Any CPU = Debug|Any CPU
		Release|Any CPU = Release|Any CPU
	EndGlobalSection
	GlobalSection(ProjectConfigurationPlatforms) = postSolution
		{717F7240-8EAA-43FA-A6AD-8FA4851D5304}.Debug|Any CPU.ActiveCfg = Debug|Any CPU
		{717F7240-8EAA-43FA-A6AD-8FA4851D5304}.Debug|Any CPU.Build.0 = Debug|Any CPU
		{717F7240-8EAA-43FA-A6AD-8FA4851D5304}.Release|Any CPU.ActiveCfg = Release|Any CPU
		{717F7240-8EAA-43FA-A6AD-8FA4851D5304}.Release|Any CPU.Build.0 = Release|Any CPU
		{E99F4E5B-91E6-428B-9910-565A57E8CF00}.Debug|Any CPU.ActiveCfg = Debug|Any CPU
		{E99F4E5B-91E6-428B-9910-565A57E8CF00}.Debug|Any CPU.Build.0 = Debug|Any CPU
		{E99F4E5B-91E6-428B-9910-565A57E8CF00}.Release|Any CPU.ActiveCfg = Release|Any CPU
		{E99F4E5B-91E6-428B-9910-565A57E8CF00}.Release|Any CPU.Build.0 = Release|Any CPU
	EndGlobalSection
	GlobalSection(SolutionProperties) = preSolution
		HideSolutionNode = FALSE
	EndGlobalSection
	GlobalSection(ExtensibilityGlobals) = postSolution
		SolutionGuid = {05C9B8C0-FEA7-4CE4-8067-4FDD5F2DD116}
	EndGlobalSection
EndGlobal
